
Microsoft Visual Studio Solution File, Format Version 11.00
# Visual Studio 2010
Project("{FAE04EC0-301F-11D3-BF4B-00C04F79EFBC}") = "EncryptedType", "EncryptedType\EncryptedType.csproj", "{C5C2AB4F-243F-4DC3-A04B-5F09AE430DE5}"
EndProject
Project("{FAE04EC0-301F-11D3-BF4B-00C04F79EFBC}") = "IEncryptedType", "IEncryptedType\IEncryptedType.csproj", "{6882CD14-904E-447D-A054-D771278509EB}"
EndProject
Project("{FAE04EC0-301F-11D3-BF4B-00C04F79EFBC}") = "EncryptedType.RavenDB", "EncryptedType.RavenDB\EncryptedType.RavenDB.csproj", "{EDDDDF75-C10B-4396-AA5D-C81083245B5A}"
EndProject
Project("{FAE04EC0-301F-11D3-BF4B-00C04F79EFBC}") = "EncryptedType.RavenDB.Tests", "EncryptedType.RavenDB.Tests\EncryptedType.RavenDB.Tests.csproj", "{8D5D5D19-3074-4B44-80CA-7E908C6A7F44}"
EndProject
Project("{FAE04EC0-301F-11D3-BF4B-00C04F79EFBC}") = "EncryptedType.Tests", "EncryptedType.Tests\EncryptedType.Tests.csproj", "{880C0B7E-6352-4363-BBFF-4F01C63BA5BC}"
EndProject
Project("{FAE04EC0-301F-11D3-BF4B-00C04F79EFBC}") = "CeloClavis", "CeloClavis\CeloClavis.csproj", "{AC1C1C53-DB62-44D3-BE70-0CC52613B6EA}"
EndProject
Global
	GlobalSection(SolutionConfigurationPlatforms) = preSolution
		Debug|Any CPU = Debug|Any CPU
		Release|Any CPU = Release|Any CPU
	EndGlobalSection
	GlobalSection(ProjectConfigurationPlatforms) = postSolution
		{C5C2AB4F-243F-4DC3-A04B-5F09AE430DE5}.Debug|Any CPU.ActiveCfg = Debug|Any CPU
		{C5C2AB4F-243F-4DC3-A04B-5F09AE430DE5}.Debug|Any CPU.Build.0 = Debug|Any CPU
		{C5C2AB4F-243F-4DC3-A04B-5F09AE430DE5}.Release|Any CPU.ActiveCfg = Release|Any CPU
		{C5C2AB4F-243F-4DC3-A04B-5F09AE430DE5}.Release|Any CPU.Build.0 = Release|Any CPU
		{6882CD14-904E-447D-A054-D771278509EB}.Debug|Any CPU.ActiveCfg = Debug|Any CPU
		{6882CD14-904E-447D-A054-D771278509EB}.Debug|Any CPU.Build.0 = Debug|Any CPU
		{6882CD14-904E-447D-A054-D771278509EB}.Release|Any CPU.ActiveCfg = Release|Any CPU
		{6882CD14-904E-447D-A054-D771278509EB}.Release|Any CPU.Build.0 = Release|Any CPU
		{EDDDDF75-C10B-4396-AA5D-C81083245B5A}.Debug|Any CPU.ActiveCfg = Debug|Any CPU
		{EDDDDF75-C10B-4396-AA5D-C81083245B5A}.Debug|Any CPU.Build.0 = Debug|Any CPU
		{EDDDDF75-C10B-4396-AA5D-C81083245B5A}.Release|Any CPU.ActiveCfg = Release|Any CPU
		{EDDDDF75-C10B-4396-AA5D-C81083245B5A}.Release|Any CPU.Build.0 = Release|Any CPU
		{8D5D5D19-3074-4B44-80CA-7E908C6A7F44}.Debug|Any CPU.ActiveCfg = Debug|Any CPU
		{8D5D5D19-3074-4B44-80CA-7E908C6A7F44}.Debug|Any CPU.Build.0 = Debug|Any CPU
		{8D5D5D19-3074-4B44-80CA-7E908C6A7F44}.Release|Any CPU.ActiveCfg = Release|Any CPU
		{8D5D5D19-3074-4B44-80CA-7E908C6A7F44}.Release|Any CPU.Build.0 = Release|Any CPU
		{880C0B7E-6352-4363-BBFF-4F01C63BA5BC}.Debug|Any CPU.ActiveCfg = Debug|Any CPU
		{880C0B7E-6352-4363-BBFF-4F01C63BA5BC}.Debug|Any CPU.Build.0 = Debug|Any CPU
		{880C0B7E-6352-4363-BBFF-4F01C63BA5BC}.Release|Any CPU.ActiveCfg = Release|Any CPU
		{880C0B7E-6352-4363-BBFF-4F01C63BA5BC}.Release|Any CPU.Build.0 = Release|Any CPU
		{AC1C1C53-DB62-44D3-BE70-0CC52613B6EA}.Debug|Any CPU.ActiveCfg = Debug|Any CPU
		{AC1C1C53-DB62-44D3-BE70-0CC52613B6EA}.Debug|Any CPU.Build.0 = Debug|Any CPU
		{AC1C1C53-DB62-44D3-BE70-0CC52613B6EA}.Release|Any CPU.ActiveCfg = Release|Any CPU
		{AC1C1C53-DB62-44D3-BE70-0CC52613B6EA}.Release|Any CPU.Build.0 = Release|Any CPU
	EndGlobalSection
	GlobalSection(SolutionProperties) = preSolution
		HideSolutionNode = FALSE
	EndGlobalSection
EndGlobal
